
Microsoft Visual Studio Solution File, Format Version 12.00
# Visual Studio Version 16
VisualStudioVersion = 16.0.33529.622
MinimumVisualStudioVersion = 10.0.40219.1
Project("{FAE04EC0-301F-11D3-BF4B-00C04F79EFBC}") = "WindowsFormsApp3", "WindowsFormsApp3\WindowsFormsApp3.csproj", "{B88CB6C8-B254-40D4-BCB5-C66B9D6F04E4}"
EndProject
Global
	GlobalSection(SolutionConfigurationPlatforms) = preSolution
		Debug|Any CPU = Debug|Any CPU
		Release|Any CPU = Release|Any CPU
	EndGlobalSection
	GlobalSection(ProjectConfigurationPlatforms) = postSolution
		{B88CB6C8-B254-40D4-BCB5-C66B9D6F04E4}.Debug|Any CPU.ActiveCfg = Debug|Any CPU
		{B88CB6C8-B254-40D4-BCB5-C66B9D6F04E4}.Debug|Any CPU.Build.0 = Debug|Any CPU
		{B88CB6C8-B254-40D4-BCB5-C66B9D6F04E4}.Release|Any CPU.ActiveCfg = Release|Any CPU
		{B88CB6C8-B254-40D4-BCB5-C66B9D6F04E4}.Release|Any CPU.Build.0 = Release|Any CPU
	EndGlobalSection
	GlobalSection(SolutionProperties) = preSolution
		HideSolutionNode = FALSE
	EndGlobalSection
	GlobalSection(ExtensibilityGlobals) = postSolution
		SolutionGuid = {058FD477-D250-4BFF-9894-D8941774B4C9}
	EndGlobalSection
EndGlobal
